
Microsoft Visual Studio Solution File, Format Version 12.00
# Visual Studio Version 17
VisualStudioVersion = 17.5.33516.290
MinimumVisualStudioVersion = 10.0.40219.1
Project("{FAE04EC0-301F-11D3-BF4B-00C04F79EFBC}") = "ChatClient", "ChatClient\ChatClient.csproj", "{080609D0-393F-4EC3-98EE-2D4B69AF99F6}"
EndProject
Project("{FAE04EC0-301F-11D3-BF4B-00C04F79EFBC}") = "ChatServer", "ChatServer\ChatServer.csproj", "{EBCA2760-C9E4-40C5-85BB-8C9F82BFAE45}"
EndProject
Global
	GlobalSection(SolutionConfigurationPlatforms) = preSolution
		Debug|Any CPU = Debug|Any CPU
		Release|Any CPU = Release|Any CPU
	EndGlobalSection
	GlobalSection(ProjectConfigurationPlatforms) = postSolution
		{080609D0-393F-4EC3-98EE-2D4B69AF99F6}.Debug|Any CPU.ActiveCfg = Debug|Any CPU
		{080609D0-393F-4EC3-98EE-2D4B69AF99F6}.Debug|Any CPU.Build.0 = Debug|Any CPU
		{080609D0-393F-4EC3-98EE-2D4B69AF99F6}.Release|Any CPU.ActiveCfg = Release|Any CPU
		{080609D0-393F-4EC3-98EE-2D4B69AF99F6}.Release|Any CPU.Build.0 = Release|Any CPU
		{EBCA2760-C9E4-40C5-85BB-8C9F82BFAE45}.Debug|Any CPU.ActiveCfg = Debug|Any CPU
		{EBCA2760-C9E4-40C5-85BB-8C9F82BFAE45}.Debug|Any CPU.Build.0 = Debug|Any CPU
		{EBCA2760-C9E4-40C5-85BB-8C9F82BFAE45}.Release|Any CPU.ActiveCfg = Release|Any CPU
		{EBCA2760-C9E4-40C5-85BB-8C9F82BFAE45}.Release|Any CPU.Build.0 = Release|Any CPU
	EndGlobalSection
	GlobalSection(SolutionProperties) = preSolution
		HideSolutionNode = FALSE
	EndGlobalSection
	GlobalSection(ExtensibilityGlobals) = postSolution
		SolutionGuid = {69BA5680-168E-4177-8407-83E80C89FFF6}
	EndGlobalSection
EndGlobal
